
Microsoft Visual Studio Solution File, Format Version 12.00
# Visual Studio Version 17
VisualStudioVersion = 17.4.33403.182
MinimumVisualStudioVersion = 10.0.40219.1
Project("{FAE04EC0-301F-11D3-BF4B-00C04F79EFBC}") = "WindowsFormsApp1", "WindowsFormsApp1\WindowsFormsApp1.csproj", "{F6EA2549-4CE8-4D6D-A233-83AD75E59FFE}"
EndProject
Global
	GlobalSection(SolutionConfigurationPlatforms) = preSolution
		Debug|Any CPU = Debug|Any CPU
		Release|Any CPU = Release|Any CPU
	EndGlobalSection
	GlobalSection(ProjectConfigurationPlatforms) = postSolution
		{F6EA2549-4CE8-4D6D-A233-83AD75E59FFE}.Debug|Any CPU.ActiveCfg = Debug|Any CPU
		{F6EA2549-4CE8-4D6D-A233-83AD75E59FFE}.Debug|Any CPU.Build.0 = Debug|Any CPU
		{F6EA2549-4CE8-4D6D-A233-83AD75E59FFE}.Release|Any CPU.ActiveCfg = Release|Any CPU
		{F6EA2549-4CE8-4D6D-A233-83AD75E59FFE}.Release|Any CPU.Build.0 = Release|Any CPU
	EndGlobalSection
	GlobalSection(SolutionProperties) = preSolution
		HideSolutionNode = FALSE
	EndGlobalSection
	GlobalSection(ExtensibilityGlobals) = postSolution
		SolutionGuid = {DDA40312-BDB6-401E-8593-EA795C8B1BCC}
	EndGlobalSection
EndGlobal
